Microsoft Visual Studio Solution File, Format Version 11.00
# Visual Studio 2008

Project("{2C2D2C02-9116-3B07-7A37-2C2A9C5A6EDA}") = "Queen", "Assembly-CSharp.csproj", "{2556E9CC-B6B2-C3E1-5A0A-78CF0741B6D3}"
EndProject
Global
	GlobalSection(SolutionConfigurationPlatforms) = preSolution
		Debug|Any CPU = Debug|Any CPU
		Release|Any CPU = Release|Any CPU
	EndGlobalSection
	GlobalSection(ProjectConfigurationPlatforms) = postSolution
		{2556E9CC-B6B2-C3E1-5A0A-78CF0741B6D3}.Debug|Any CPU.ActiveCfg = Debug|Any CPU
		{2556E9CC-B6B2-C3E1-5A0A-78CF0741B6D3}.Debug|Any CPU.Build.0 = Debug|Any CPU
		{2556E9CC-B6B2-C3E1-5A0A-78CF0741B6D3}.Release|Any CPU.ActiveCfg = Release|Any CPU
		{2556E9CC-B6B2-C3E1-5A0A-78CF0741B6D3}.Release|Any CPU.Build.0 = Release|Any CPU
	EndGlobalSection
	GlobalSection(SolutionProperties) = preSolution
		HideSolutionNode = FALSE
	EndGlobalSection
	GlobalSection(MonoDevelopProperties) = preSolution
		StartupItem = Assembly-CSharp.csproj
	EndGlobalSection
EndGlobal
